// !$*UTF8*$!
{
	archiveVersion = 1;
	classes = {
	};
	objectVersion = 56;
	objects = {

/* Begin PBXBuildFile section */
		676479362B46E7E2009EE483 /* AppetizersAppApp.swift in Sources */ = {isa = PBXBuildFile; fileRef = 676479352B46E7E2009EE483 /* AppetizersAppApp.swift */; };
		6764793A2B46E7E3009EE483 /* Assets.xcassets in Resources */ = {isa = PBXBuildFile; fileRef = 676479392B46E7E3009EE483 /* Assets.xcassets */; };
		6764793D2B46E7E3009EE483 /* Preview Assets.xcassets in Resources */ = {isa = PBXBuildFile; fileRef = 6764793C2B46E7E3009EE483 /* Preview Assets.xcassets */; };
		676479472B46E7E4009EE483 /* AppetizersAppTests.swift in Sources */ = {isa = PBXBuildFile; fileRef = 676479462B46E7E4009EE483 /* AppetizersAppTests.swift */; };
		676479512B46E7E4009EE483 /* AppetizersAppUITests.swift in Sources */ = {isa = PBXBuildFile; fileRef = 676479502B46E7E4009EE483 /* AppetizersAppUITests.swift */; };
		676479532B46E7E4009EE483 /* AppetizersAppUITestsLaunchTests.swift in Sources */ = {isa = PBXBuildFile; fileRef = 676479522B46E7E4009EE483 /* AppetizersAppUITestsLaunchTests.swift */; };
		676479602B46E804009EE483 /* AppetizerListView.swift in Sources */ = {isa = PBXBuildFile; fileRef = 6764795F2B46E804009EE483 /* AppetizerListView.swift */; };
		676479622B46E80D009EE483 /* OrderView.swift in Sources */ = {isa = PBXBuildFile; fileRef = 676479612B46E80D009EE483 /* OrderView.swift */; };
		676479642B46E81D009EE483 /* AccountView.swift in Sources */ = {isa = PBXBuildFile; fileRef = 676479632B46E81D009EE483 /* AccountView.swift */; };
		676479662B46E857009EE483 /* AppetizerTabView.swift in Sources */ = {isa = PBXBuildFile; fileRef = 676479652B46E857009EE483 /* AppetizerTabView.swift */; };
		676479682B46ECAD009EE483 /* Appetizer.swift in Sources */ = {isa = PBXBuildFile; fileRef = 676479672B46ECAD009EE483 /* Appetizer.swift */; };
		6764796A2B46F154009EE483 /* AppetizerListCell.swift in Sources */ = {isa = PBXBuildFile; fileRef = 676479692B46F154009EE483 /* AppetizerListCell.swift */; };
		6764796C2B46F1D0009EE483 /* NetworkManager.swift in Sources */ = {isa = PBXBuildFile; fileRef = 6764796B2B46F1D0009EE483 /* NetworkManager.swift */; };
		6764796E2B46F5FF009EE483 /* APError.swift in Sources */ = {isa = PBXBuildFile; fileRef = 6764796D2B46F5FF009EE483 /* APError.swift */; };
		676479702B46FE8E009EE483 /* AppetizerListViewModel.swift in Sources */ = {isa = PBXBuildFile; fileRef = 6764796F2B46FE8E009EE483 /* AppetizerListViewModel.swift */; };
		676479722B4700EE009EE483 /* Alert.swift in Sources */ = {isa = PBXBuildFile; fileRef = 676479712B4700EE009EE483 /* Alert.swift */; };
		676479742B470DC3009EE483 /* LoadingView.swift in Sources */ = {isa = PBXBuildFile; fileRef = 676479732B470DC3009EE483 /* LoadingView.swift */; };
		676479762B470E9C009EE483 /* Color+Ext.swift in Sources */ = {isa = PBXBuildFile; fileRef = 676479752B470E9C009EE483 /* Color+Ext.swift */; };
		676479782B471758009EE483 /* RemoteImage.swift in Sources */ = {isa = PBXBuildFile; fileRef = 676479772B471758009EE483 /* RemoteImage.swift */; };
		676479E52B47E525009EE483 /* AppetizerDetailView.swift in Sources */ = {isa = PBXBuildFile; fileRef = 676479E42B47E525009EE483 /* AppetizerDetailView.swift */; };
		676479E82B47F089009EE483 /* APButton.swift in Sources */ = {isa = PBXBuildFile; fileRef = 676479E72B47F089009EE483 /* APButton.swift */; };
		676479EA2B480770009EE483 /* AccountViewModel.swift in Sources */ = {isa = PBXBuildFile; fileRef = 676479E92B480770009EE483 /* AccountViewModel.swift */; };
		676479EC2B480885009EE483 /* StringExt.swift in Sources */ = {isa = PBXBuildFile; fileRef = 676479EB2B480885009EE483 /* StringExt.swift */; };
		676479EE2B481EB6009EE483 /* User.swift in Sources */ = {isa = PBXBuildFile; fileRef = 676479ED2B481EB6009EE483 /* User.swift */; };
/* End PBXBuildFile section */

/* Begin PBXContainerItemProxy section */
		676479432B46E7E4009EE483 /* PBXContainerItemProxy */ = {
			isa = PBXContainerItemProxy;
			containerPortal = 6764792A2B46E7E2009EE483 /* Project object */;
			proxyType = 1;
			remoteGlobalIDString = 676479312B46E7E2009EE483;
			remoteInfo = AppetizersApp;
		};
		6764794D2B46E7E4009EE483 /* PBXContainerItemProxy */ = {
			isa = PBXContainerItemProxy;
			containerPortal = 6764792A2B46E7E2009EE483 /* Project object */;
			proxyType = 1;
			remoteGlobalIDString = 676479312B46E7E2009EE483;
			remoteInfo = AppetizersApp;
		};
/* End PBXContainerItemProxy section */

/* Begin PBXFileReference section */
		676479322B46E7E2009EE483 /* AppetizersApp.app */ = {isa = PBXFileReference; explicitFileType = wrapper.application; includeInIndex = 0; path = AppetizersApp.app; sourceTree = BUILT_PRODUCTS_DIR; };
		676479352B46E7E2009EE483 /* AppetizersAppApp.swift */ = {isa = PBXFileReference; lastKnownFileType = sourcecode.swift; path = AppetizersAppApp.swift; sourceTree = "<group>"; };
		676479392B46E7E3009EE483 /* Assets.xcassets */ = {isa = PBXFileReference; lastKnownFileType = folder.assetcatalog; path = Assets.xcassets; sourceTree = "<group>"; };
		6764793C2B46E7E3009EE483 /* Preview Assets.xcassets */ = {isa = PBXFileReference; lastKnownFileType = folder.assetcatalog; path = "Preview Assets.xcassets"; sourceTree = "<group>"; };
		676479422B46E7E4009EE483 /* AppetizersAppTests.xctest */ = {isa = PBXFileReference; explicitFileType = wrapper.cfbundle; includeInIndex = 0; path = AppetizersAppTests.xctest; sourceTree = BUILT_PRODUCTS_DIR; };
		676479462B46E7E4009EE483 /* AppetizersAppTests.swift */ = {isa = PBXFileReference; lastKnownFileType = sourcecode.swift; path = AppetizersAppTests.swift; sourceTree = "<group>"; };
		6764794C2B46E7E4009EE483 /* AppetizersAppUITests.xctest */ = {isa = PBXFileReference; explicitFileType = wrapper.cfbundle; includeInIndex = 0; path = AppetizersAppUITests.xctest; sourceTree = BUILT_PRODUCTS_DIR; };
		676479502B46E7E4009EE483 /* AppetizersAppUITests.swift */ = {isa = PBXFileReference; lastKnownFileType = sourcecode.swift; path = AppetizersAppUITests.swift; sourceTree = "<group>"; };
		676479522B46E7E4009EE483 /* AppetizersAppUITestsLaunchTests.swift */ = {isa = PBXFileReference; lastKnownFileType = sourcecode.swift; path = AppetizersAppUITestsLaunchTests.swift; sourceTree = "<group>"; };
		6764795F2B46E804009EE483 /* AppetizerListView.swift */ = {isa = PBXFileReference; lastKnownFileType = sourcecode.swift; path = AppetizerListView.swift; sourceTree = "<group>"; };
		676479612B46E80D009EE483 /* OrderView.swift */ = {isa = PBXFileReference; lastKnownFileType = sourcecode.swift; path = OrderView.swift; sourceTree = "<group>"; };
		676479632B46E81D009EE483 /* AccountView.swift */ = {isa = PBXFileReference; lastKnownFileType = sourcecode.swift; path = AccountView.swift; sourceTree = "<group>"; };
		676479652B46E857009EE483 /* AppetizerTabView.swift */ = {isa = PBXFileReference; lastKnownFileType = sourcecode.swift; path = AppetizerTabView.swift; sourceTree = "<group>"; };
		676479672B46ECAD009EE483 /* Appetizer.swift */ = {isa = PBXFileReference; lastKnownFileType = sourcecode.swift; path = Appetizer.swift; sourceTree = "<group>"; };
		676479692B46F154009EE483 /* AppetizerListCell.swift */ = {isa = PBXFileReference; lastKnownFileType = sourcecode.swift; path = AppetizerListCell.swift; sourceTree = "<group>"; };
		6764796B2B46F1D0009EE483 /* NetworkManager.swift */ = {isa = PBXFileReference; lastKnownFileType = sourcecode.swift; path = NetworkManager.swift; sourceTree = "<group>"; };
		6764796D2B46F5FF009EE483 /* APError.swift */ = {isa = PBXFileReference; lastKnownFileType = sourcecode.swift; path = APError.swift; sourceTree = "<group>"; };
		6764796F2B46FE8E009EE483 /* AppetizerListViewModel.swift */ = {isa = PBXFileReference; lastKnownFileType = sourcecode.swift; path = AppetizerListViewModel.swift; sourceTree = "<group>"; };
		676479712B4700EE009EE483 /* Alert.swift */ = {isa = PBXFileReference; lastKnownFileType = sourcecode.swift; path = Alert.swift; sourceTree = "<group>"; };
		676479732B470DC3009EE483 /* LoadingView.swift */ = {isa = PBXFileReference; lastKnownFileType = sourcecode.swift; path = LoadingView.swift; sourceTree = "<group>"; };
		676479752B470E9C009EE483 /* Color+Ext.swift */ = {isa = PBXFileReference; lastKnownFileType = sourcecode.swift; path = "Color+Ext.swift"; sourceTree = "<group>"; };
		676479772B471758009EE483 /* RemoteImage.swift */ = {isa = PBXFileReference; lastKnownFileType = sourcecode.swift; path = RemoteImage.swift; sourceTree = "<group>"; };
		676479E42B47E525009EE483 /* AppetizerDetailView.swift */ = {isa = PBXFileReference; lastKnownFileType = sourcecode.swift; path = AppetizerDetailView.swift; sourceTree = "<group>"; };
		676479E72B47F089009EE483 /* APButton.swift */ = {isa = PBXFileReference; lastKnownFileType = sourcecode.swift; path = APButton.swift; sourceTree = "<group>"; };
		676479E92B480770009EE483 /* AccountViewModel.swift */ = {isa = PBXFileReference; lastKnownFileType = sourcecode.swift; path = AccountViewModel.swift; sourceTree = "<group>"; };
		676479EB2B480885009EE483 /* StringExt.swift */ = {isa = PBXFileReference; lastKnownFileType = sourcecode.swift; path = StringExt.swift; sourceTree = "<group>"; };
		676479ED2B481EB6009EE483 /* User.swift */ = {isa = PBXFileReference; lastKnownFileType = sourcecode.swift; path = User.swift; sourceTree = "<group>"; };
/* End PBXFileReference section */

/* Begin PBXFrameworksBuildPhase section */
		6764792F2B46E7E2009EE483 /* Frameworks */ = {
			isa = PBXFrameworksBuildPhase;
			buildActionMask = 2147483647;
			files = (
			);
			runOnlyForDeploymentPostprocessing = 0;
		};
		6764793F2B46E7E4009EE483 /* Frameworks */ = {
			isa = PBXFrameworksBuildPhase;
			buildActionMask = 2147483647;
			files = (
			);
			runOnlyForDeploymentPostprocessing = 0;
		};
		676479492B46E7E4009EE483 /* Frameworks */ = {
			isa = PBXFrameworksBuildPhase;
			buildActionMask = 2147483647;
			files = (
			);
			runOnlyForDeploymentPostprocessing = 0;
		};
/* End PBXFrameworksBuildPhase section */

/* Begin PBXGroup section */
		676479292B46E7E2009EE483 = {
			isa = PBXGroup;
			children = (
				676479342B46E7E2009EE483 /* AppetizersApp */,
				676479452B46E7E4009EE483 /* AppetizersAppTests */,
				6764794F2B46E7E4009EE483 /* AppetizersAppUITests */,
				676479332B46E7E2009EE483 /* Products */,
			);
			sourceTree = "<group>";
		};
		676479332B46E7E2009EE483 /* Products */ = {
			isa = PBXGroup;
			children = (
				676479322B46E7E2009EE483 /* AppetizersApp.app */,
				676479422B46E7E4009EE483 /* AppetizersAppTests.xctest */,
				6764794C2B46E7E4009EE483 /* AppetizersAppUITests.xctest */,
			);
			name = Products;
			sourceTree = "<group>";
		};
		676479342B46E7E2009EE483 /* AppetizersApp */ = {
			isa = PBXGroup;
			children = (
				676479842B471CDF009EE483 /* Views */,
				676479832B471CD0009EE483 /* Model */,
				6764797F2B471C4D009EE483 /* Utilities */,
				676479792B471BAD009EE483 /* Screens */,
				676479352B46E7E2009EE483 /* AppetizersAppApp.swift */,
				676479392B46E7E3009EE483 /* Assets.xcassets */,
				6764793B2B46E7E3009EE483 /* Preview Content */,
				676479ED2B481EB6009EE483 /* User.swift */,
			);
			path = AppetizersApp;
			sourceTree = "<group>";
		};
		6764793B2B46E7E3009EE483 /* Preview Content */ = {
			isa = PBXGroup;
			children = (
				6764793C2B46E7E3009EE483 /* Preview Assets.xcassets */,
			);
			path = "Preview Content";
			sourceTree = "<group>";
		};
		676479452B46E7E4009EE483 /* AppetizersAppTests */ = {
			isa = PBXGroup;
			children = (
				676479462B46E7E4009EE483 /* AppetizersAppTests.swift */,
			);
			path = AppetizersAppTests;
			sourceTree = "<group>";
		};
		6764794F2B46E7E4009EE483 /* AppetizersAppUITests */ = {
			isa = PBXGroup;
			children = (
				676479502B46E7E4009EE483 /* AppetizersAppUITests.swift */,
				676479522B46E7E4009EE483 /* AppetizersAppUITestsLaunchTests.swift */,
			);
			path = AppetizersAppUITests;
			sourceTree = "<group>";
		};
		676479792B471BAD009EE483 /* Screens */ = {
			isa = PBXGroup;
			children = (
				676479652B46E857009EE483 /* AppetizerTabView.swift */,
				6764797C2B471BD2009EE483 /* OrderView */,
				6764797B2B471BC7009EE483 /* AccountView */,
				6764797A2B471BBB009EE483 /* AppetizerListView */,
			);
			path = Screens;
			sourceTree = "<group>";
		};
		6764797A2B471BBB009EE483 /* AppetizerListView */ = {
			isa = PBXGroup;
			children = (
				676479E42B47E525009EE483 /* AppetizerDetailView.swift */,
				6764796F2B46FE8E009EE483 /* AppetizerListViewModel.swift */,
				6764795F2B46E804009EE483 /* AppetizerListView.swift */,
			);
			path = AppetizerListView;
			sourceTree = "<group>";
		};
		6764797B2B471BC7009EE483 /* AccountView */ = {
			isa = PBXGroup;
			children = (
				676479E92B480770009EE483 /* AccountViewModel.swift */,
				676479632B46E81D009EE483 /* AccountView.swift */,
			);
			path = AccountView;
			sourceTree = "<group>";
		};
		6764797C2B471BD2009EE483 /* OrderView */ = {
			isa = PBXGroup;
			children = (
				676479612B46E80D009EE483 /* OrderView.swift */,
			);
			path = OrderView;
			sourceTree = "<group>";
		};
		6764797F2B471C4D009EE483 /* Utilities */ = {
			isa = PBXGroup;
			children = (
				676479822B471C86009EE483 /* Alerts */,
				676479812B471C59009EE483 /* Extensions */,
				676479802B471C54009EE483 /* Managers */,
			);
			path = Utilities;
			sourceTree = "<group>";
		};
		676479802B471C54009EE483 /* Managers */ = {
			isa = PBXGroup;
			children = (
				6764796B2B46F1D0009EE483 /* NetworkManager.swift */,
			);
			path = Managers;
			sourceTree = "<group>";
		};
		676479812B471C59009EE483 /* Extensions */ = {
			isa = PBXGroup;
			children = (
				676479752B470E9C009EE483 /* Color+Ext.swift */,
				676479EB2B480885009EE483 /* StringExt.swift */,
			);
			path = Extensions;
			sourceTree = "<group>";
		};
		676479822B471C86009EE483 /* Alerts */ = {
			isa = PBXGroup;
			children = (
				676479712B4700EE009EE483 /* Alert.swift */,
				6764796D2B46F5FF009EE483 /* APError.swift */,
			);
			path = Alerts;
			sourceTree = "<group>";
		};
		676479832B471CD0009EE483 /* Model */ = {
			isa = PBXGroup;
			children = (
				676479672B46ECAD009EE483 /* Appetizer.swift */,
			);
			path = Model;
			sourceTree = "<group>";
		};
		676479842B471CDF009EE483 /* Views */ = {
			isa = PBXGroup;
			children = (
				676479E62B47F06A009EE483 /* Buttons */,
				676479872B471D0D009EE483 /* Image */,
				676479862B471CFF009EE483 /* Cells */,
				676479852B471CEE009EE483 /* UIKit */,
			);
			path = Views;
			sourceTree = "<group>";
		};
		676479852B471CEE009EE483 /* UIKit */ = {
			isa = PBXGroup;
			children = (
				676479732B470DC3009EE483 /* LoadingView.swift */,
			);
			path = UIKit;
			sourceTree = "<group>";
		};
		676479862B471CFF009EE483 /* Cells */ = {
			isa = PBXGroup;
			children = (
				676479692B46F154009EE483 /* AppetizerListCell.swift */,
			);
			path = Cells;
			sourceTree = "<group>";
		};
		676479872B471D0D009EE483 /* Image */ = {
			isa = PBXGroup;
			children = (
				676479772B471758009EE483 /* RemoteImage.swift */,
			);
			path = Image;
			sourceTree = "<group>";
		};
		676479E62B47F06A009EE483 /* Buttons */ = {
			isa = PBXGroup;
			children = (
				676479E72B47F089009EE483 /* APButton.swift */,
			);
			path = Buttons;
			sourceTree = "<group>";
		};
/* End PBXGroup section */

/* Begin PBXNativeTarget section */
		676479312B46E7E2009EE483 /* AppetizersApp */ = {
			isa = PBXNativeTarget;
			buildConfigurationList = 676479562B46E7E4009EE483 /* Build configuration list for PBXNativeTarget "AppetizersApp" */;
			buildPhases = (
				6764792E2B46E7E2009EE483 /* Sources */,
				6764792F2B46E7E2009EE483 /* Frameworks */,
				676479302B46E7E2009EE483 /* Resources */,
			);
			buildRules = (
			);
			dependencies = (
			);
			name = AppetizersApp;
			productName = AppetizersApp;
			productReference = 676479322B46E7E2009EE483 /* AppetizersApp.app */;
			productType = "com.apple.product-type.application";
		};
		676479412B46E7E4009EE483 /* AppetizersAppTests */ = {
			isa = PBXNativeTarget;
			buildConfigurationList = 676479592B46E7E4009EE483 /* Build configuration list for PBXNativeTarget "AppetizersAppTests" */;
			buildPhases = (
				6764793E2B46E7E4009EE483 /* Sources */,
				6764793F2B46E7E4009EE483 /* Frameworks */,
				676479402B46E7E4009EE483 /* Resources */,
			);
			buildRules = (
			);
			dependencies = (
				676479442B46E7E4009EE483 /* PBXTargetDependency */,
			);
			name = AppetizersAppTests;
			productName = AppetizersAppTests;
			productReference = 676479422B46E7E4009EE483 /* AppetizersAppTests.xctest */;
			productType = "com.apple.product-type.bundle.unit-test";
		};
		6764794B2B46E7E4009EE483 /* AppetizersAppUITests */ = {
			isa = PBXNativeTarget;
			buildConfigurationList = 6764795C2B46E7E4009EE483 /* Build configuration list for PBXNativeTarget "AppetizersAppUITests" */;
			buildPhases = (
				676479482B46E7E4009EE483 /* Sources */,
				676479492B46E7E4009EE483 /* Frameworks */,
				6764794A2B46E7E4009EE483 /* Resources */,
			);
			buildRules = (
			);
			dependencies = (
				6764794E2B46E7E4009EE483 /* PBXTargetDependency */,
			);
			name = AppetizersAppUITests;
			productName = AppetizersAppUITests;
			productReference = 6764794C2B46E7E4009EE483 /* AppetizersAppUITests.xctest */;
			productType = "com.apple.product-type.bundle.ui-testing";
		};
/* End PBXNativeTarget section */

/* Begin PBXProject section */
		6764792A2B46E7E2009EE483 /* Project object */ = {
			isa = PBXProject;
			attributes = {
				BuildIndependentTargetsInParallel = 1;
				LastSwiftUpdateCheck = 1510;
				LastUpgradeCheck = 1510;
				TargetAttributes = {
					676479312B46E7E2009EE483 = {
						CreatedOnToolsVersion = 15.1;
					};
					676479412B46E7E4009EE483 = {
						CreatedOnToolsVersion = 15.1;
						TestTargetID = 676479312B46E7E2009EE483;
					};
					6764794B2B46E7E4009EE483 = {
						CreatedOnToolsVersion = 15.1;
						TestTargetID = 676479312B46E7E2009EE483;
					};
				};
			};
			buildConfigurationList = 6764792D2B46E7E2009EE483 /* Build configuration list for PBXProject "AppetizersApp" */;
			compatibilityVersion = "Xcode 14.0";
			developmentRegion = en;
			hasScannedForEncodings = 0;
			knownRegions = (
				en,
				Base,
			);
			mainGroup = 676479292B46E7E2009EE483;
			productRefGroup = 676479332B46E7E2009EE483 /* Products */;
			projectDirPath = "";
			projectRoot = "";
			targets = (
				676479312B46E7E2009EE483 /* AppetizersApp */,
				676479412B46E7E4009EE483 /* AppetizersAppTests */,
				6764794B2B46E7E4009EE483 /* AppetizersAppUITests */,
			);
		};
/* End PBXProject section */

/* Begin PBXResourcesBuildPhase section */
		676479302B46E7E2009EE483 /* Resources */ = {
			isa = PBXResourcesBuildPhase;
			buildActionMask = 2147483647;
			files = (
				6764793D2B46E7E3009EE483 /* Preview Assets.xcassets in Resources */,
				6764793A2B46E7E3009EE483 /* Assets.xcassets in Resources */,
			);
			runOnlyForDeploymentPostprocessing = 0;
		};
		676479402B46E7E4009EE483 /* Resources */ = {
			isa = PBXResourcesBuildPhase;
			buildActionMask = 2147483647;
			files = (
			);
			runOnlyForDeploymentPostprocessing = 0;
		};
		6764794A2B46E7E4009EE483 /* Resources */ = {
			isa = PBXResourcesBuildPhase;
			buildActionMask = 2147483647;
			files = (
			);
			runOnlyForDeploymentPostprocessing = 0;
		};
/* End PBXResourcesBuildPhase section */

/* Begin PBXSourcesBuildPhase section */
		6764792E2B46E7E2009EE483 /* Sources */ = {
			isa = PBXSourcesBuildPhase;
			buildActionMask = 2147483647;
			files = (
				676479682B46ECAD009EE483 /* Appetizer.swift in Sources */,
				6764796E2B46F5FF009EE483 /* APError.swift in Sources */,
				6764796A2B46F154009EE483 /* AppetizerListCell.swift in Sources */,
				676479702B46FE8E009EE483 /* AppetizerListViewModel.swift in Sources */,
				676479EC2B480885009EE483 /* StringExt.swift in Sources */,
				676479762B470E9C009EE483 /* Color+Ext.swift in Sources */,
				676479622B46E80D009EE483 /* OrderView.swift in Sources */,
				676479E82B47F089009EE483 /* APButton.swift in Sources */,
				676479742B470DC3009EE483 /* LoadingView.swift in Sources */,
				676479362B46E7E2009EE483 /* AppetizersAppApp.swift in Sources */,
				6764796C2B46F1D0009EE483 /* NetworkManager.swift in Sources */,
				676479782B471758009EE483 /* RemoteImage.swift in Sources */,
				676479E52B47E525009EE483 /* AppetizerDetailView.swift in Sources */,
				676479602B46E804009EE483 /* AppetizerListView.swift in Sources */,
				676479722B4700EE009EE483 /* Alert.swift in Sources */,
				676479642B46E81D009EE483 /* AccountView.swift in Sources */,
				676479EA2B480770009EE483 /* AccountViewModel.swift in Sources */,
				676479662B46E857009EE483 /* AppetizerTabView.swift in Sources */,
				676479EE2B481EB6009EE483 /* User.swift in Sources */,
			);
			runOnlyForDeploymentPostprocessing = 0;
		};
		6764793E2B46E7E4009EE483 /* Sources */ = {
			isa = PBXSourcesBuildPhase;
			buildActionMask = 2147483647;
			files = (
				676479472B46E7E4009EE483 /* AppetizersAppTests.swift in Sources */,
			);
			runOnlyForDeploymentPostprocessing = 0;
		};
		676479482B46E7E4009EE483 /* Sources */ = {
			isa = PBXSourcesBuildPhase;
			buildActionMask = 2147483647;
			files = (
				676479512B46E7E4009EE483 /* AppetizersAppUITests.swift in Sources */,
				676479532B46E7E4009EE483 /* AppetizersAppUITestsLaunchTests.swift in Sources */,
			);
			runOnlyForDeploymentPostprocessing = 0;
		};
/* End PBXSourcesBuildPhase section */

/* Begin PBXTargetDependency section */
		676479442B46E7E4009EE483 /* PBXTargetDependency */ = {
			isa = PBXTargetDependency;
			target = 676479312B46E7E2009EE483 /* AppetizersApp */;
			targetProxy = 676479432B46E7E4009EE483 /* PBXContainerItemProxy */;
		};
		6764794E2B46E7E4009EE483 /* PBXTargetDependency */ = {
			isa = PBXTargetDependency;
			target = 676479312B46E7E2009EE483 /* AppetizersApp */;
			targetProxy = 6764794D2B46E7E4009EE483 /* PBXContainerItemProxy */;
		};
/* End PBXTargetDependency section */

/* Begin XCBuildConfiguration section */
		676479542B46E7E4009EE483 /* Debug */ = {
			isa = XCBuildConfiguration;
			buildSettings = {
				ALWAYS_SEARCH_USER_PATHS = NO;
				ASSETCATALOG_COMPILER_GENERATE_SWIFT_ASSET_SYMBOL_EXTENSIONS = YES;
				CLANG_ANALYZER_NONNULL = YES;
				CLANG_ANALYZER_NUMBER_OBJECT_CONVERSION = YES_AGGRESSIVE;
				CLANG_CXX_LANGUAGE_STANDARD = "gnu++20";
				CLANG_ENABLE_MODULES = YES;
				CLANG_ENABLE_OBJC_ARC = YES;
				CLANG_ENABLE_OBJC_WEAK = YES;
				CLANG_WARN_BLOCK_CAPTURE_AUTORELEASING = YES;
				CLANG_WARN_BOOL_CONVERSION = YES;
				CLANG_WARN_COMMA = YES;
				CLANG_WARN_CONSTANT_CONVERSION = YES;
				CLANG_WARN_DEPRECATED_OBJC_IMPLEMENTATIONS = YES;
				CLANG_WARN_DIRECT_OBJC_ISA_USAGE = YES_ERROR;
				CLANG_WARN_DOCUMENTATION_COMMENTS = YES;
				CLANG_WARN_EMPTY_BODY = YES;
				CLANG_WARN_ENUM_CONVERSION = YES;
				CLANG_WARN_INFINITE_RECURSION = YES;
				CLANG_WARN_INT_CONVERSION = YES;
				CLANG_WARN_NON_LITERAL_NULL_CONVERSION = YES;
				CLANG_WARN_OBJC_IMPLICIT_RETAIN_SELF = YES;
				CLANG_WARN_OBJC_LITERAL_CONVERSION = YES;
				CLANG_WARN_OBJC_ROOT_CLASS = YES_ERROR;
				CLANG_WARN_QUOTED_INCLUDE_IN_FRAMEWORK_HEADER = YES;
				CLANG_WARN_RANGE_LOOP_ANALYSIS = YES;
				CLANG_WARN_STRICT_PROTOTYPES = YES;
				CLANG_WARN_SUSPICIOUS_MOVE = YES;
				CLANG_WARN_UNGUARDED_AVAILABILITY = YES_AGGRESSIVE;
				CLANG_WARN_UNREACHABLE_CODE = YES;
				CLANG_WARN__DUPLICATE_METHOD_MATCH = YES;
				COPY_PHASE_STRIP = NO;
				DEBUG_INFORMATION_FORMAT = dwarf;
				ENABLE_STRICT_OBJC_MSGSEND = YES;
				ENABLE_TESTABILITY = YES;
				ENABLE_USER_SCRIPT_SANDBOXING = YES;
				GCC_C_LANGUAGE_STANDARD = gnu17;
				GCC_DYNAMIC_NO_PIC = NO;
				GCC_NO_COMMON_BLOCKS = YES;
				GCC_OPTIMIZATION_LEVEL = 0;
				GCC_PREPROCESSOR_DEFINITIONS = (
					"DEBUG=1",
					"$(inherited)",
				);
				GCC_WARN_64_TO_32_BIT_CONVERSION = YES;
				GCC_WARN_ABOUT_RETURN_TYPE = YES_ERROR;
				GCC_WARN_UNDECLARED_SELECTOR = YES;
				GCC_WARN_UNINITIALIZED_AUTOS = YES_AGGRESSIVE;
				GCC_WARN_UNUSED_FUNCTION = YES;
				GCC_WARN_UNUSED_VARIABLE = YES;
				IPHONEOS_DEPLOYMENT_TARGET = 17.2;
				LOCALIZATION_PREFERS_STRING_CATALOGS = YES;
				MTL_ENABLE_DEBUG_INFO = INCLUDE_SOURCE;
				MTL_FAST_MATH = YES;
				ONLY_ACTIVE_ARCH = YES;
				SDKROOT = iphoneos;
				SWIFT_ACTIVE_COMPILATION_CONDITIONS = "DEBUG $(inherited)";
				SWIFT_OPTIMIZATION_LEVEL = "-Onone";
			};
			name = Debug;
		};
		676479552B46E7E4009EE483 /* Release */ = {
			isa = XCBuildConfiguration;
			buildSettings = {
				ALWAYS_SEARCH_USER_PATHS = NO;
				ASSETCATALOG_COMPILER_GENERATE_SWIFT_ASSET_SYMBOL_EXTENSIONS = YES;
				CLANG_ANALYZER_NONNULL = YES;
				CLANG_ANALYZER_NUMBER_OBJECT_CONVERSION = YES_AGGRESSIVE;
				CLANG_CXX_LANGUAGE_STANDARD = "gnu++20";
				CLANG_ENABLE_MODULES = YES;
				CLANG_ENABLE_OBJC_ARC = YES;
				CLANG_ENABLE_OBJC_WEAK = YES;
				CLANG_WARN_BLOCK_CAPTURE_AUTORELEASING = YES;
				CLANG_WARN_BOOL_CONVERSION = YES;
				CLANG_WARN_COMMA = YES;
				CLANG_WARN_CONSTANT_CONVERSION = YES;
				CLANG_WARN_DEPRECATED_OBJC_IMPLEMENTATIONS = YES;
				CLANG_WARN_DIRECT_OBJC_ISA_USAGE = YES_ERROR;
				CLANG_WARN_DOCUMENTATION_COMMENTS = YES;
				CLANG_WARN_EMPTY_BODY = YES;
				CLANG_WARN_ENUM_CONVERSION = YES;
				CLANG_WARN_INFINITE_RECURSION = YES;
				CLANG_WARN_INT_CONVERSION = YES;
				CLANG_WARN_NON_LITERAL_NULL_CONVERSION = YES;
				CLANG_WARN_OBJC_IMPLICIT_RETAIN_SELF = YES;
				CLANG_WARN_OBJC_LITERAL_CONVERSION = YES;
				CLANG_WARN_OBJC_ROOT_CLASS = YES_ERROR;
				CLANG_WARN_QUOTED_INCLUDE_IN_FRAMEWORK_HEADER = YES;
				CLANG_WARN_RANGE_LOOP_ANALYSIS = YES;
				CLANG_WARN_STRICT_PROTOTYPES = YES;
				CLANG_WARN_SUSPICIOUS_MOVE = YES;
				CLANG_WARN_UNGUARDED_AVAILABILITY = YES_AGGRESSIVE;
				CLANG_WARN_UNREACHABLE_CODE = YES;
				CLANG_WARN__DUPLICATE_METHOD_MATCH = YES;
				COPY_PHASE_STRIP = NO;
				DEBUG_INFORMATION_FORMAT = "dwarf-with-dsym";
				ENABLE_NS_ASSERTIONS = NO;
				ENABLE_STRICT_OBJC_MSGSEND = YES;
				ENABLE_USER_SCRIPT_SANDBOXING = YES;
				GCC_C_LANGUAGE_STANDARD = gnu17;
				GCC_NO_COMMON_BLOCKS = YES;
				GCC_WARN_64_TO_32_BIT_CONVERSION = YES;
				GCC_WARN_ABOUT_RETURN_TYPE = YES_ERROR;
				GCC_WARN_UNDECLARED_SELECTOR = YES;
				GCC_WARN_UNINITIALIZED_AUTOS = YES_AGGRESSIVE;
				GCC_WARN_UNUSED_FUNCTION = YES;
				GCC_WARN_UNUSED_VARIABLE = YES;
				IPHONEOS_DEPLOYMENT_TARGET = 17.2;
				LOCALIZATION_PREFERS_STRING_CATALOGS = YES;
				MTL_ENABLE_DEBUG_INFO = NO;
				MTL_FAST_MATH = YES;
				SDKROOT = iphoneos;
				SWIFT_COMPILATION_MODE = wholemodule;
				VALIDATE_PRODUCT = YES;
			};
			name = Release;
		};
		676479572B46E7E4009EE483 /* Debug */ = {
			isa = XCBuildConfiguration;
			buildSettings = {
				ASSETCATALOG_COMPILER_APPICON_NAME = AppIcon;
				ASSETCATALOG_COMPILER_GLOBAL_ACCENT_COLOR_NAME = AccentColor;
				CODE_SIGN_STYLE = Automatic;
				CURRENT_PROJECT_VERSION = 1;
				DEVELOPMENT_ASSET_PATHS = "\"AppetizersApp/Preview Content\"";
				DEVELOPMENT_TEAM = 9LCC49V7VY;
				ENABLE_PREVIEWS = YES;
				GENERATE_INFOPLIST_FILE = YES;
				INFOPLIST_KEY_UIApplicationSceneManifest_Generation = YES;
				INFOPLIST_KEY_UIApplicationSupportsIndirectInputEvents = YES;
				INFOPLIST_KEY_UILaunchScreen_Generation = YES;
				INFOPLIST_KEY_UISupportedInterfaceOrientations_iPad = "UIInterfaceOrientationPortrait UIInterfaceOrientationPortraitUpsideDown UIInterfaceOrientationLandscapeLeft UIInterfaceOrientationLandscapeRight";
				INFOPLIST_KEY_UISupportedInterfaceOrientations_iPhone = "UIInterfaceOrientationPortrait UIInterfaceOrientationLandscapeLeft UIInterfaceOrientationLandscapeRight";
				LD_RUNPATH_SEARCH_PATHS = (
					"$(inherited)",
					"@executable_path/Frameworks",
				);
				MARKETING_VERSION = 1.0;
				PRODUCT_BUNDLE_IDENTIFIER = co.amanG.AppetizersApp;
				PRODUCT_NAME = "$(TARGET_NAME)";
				SWIFT_EMIT_LOC_STRINGS = YES;
				SWIFT_VERSION = 5.0;
				TARGETED_DEVICE_FAMILY = "1,2";
			};
			name = Debug;
		};
		676479582B46E7E4009EE483 /* Release */ = {
			isa = XCBuildConfiguration;
			buildSettings = {
				ASSETCATALOG_COMPILER_APPICON_NAME = AppIcon;
				ASSETCATALOG_COMPILER_GLOBAL_ACCENT_COLOR_NAME = AccentColor;
				CODE_SIGN_STYLE = Automatic;
				CURRENT_PROJECT_VERSION = 1;
				DEVELOPMENT_ASSET_PATHS = "\"AppetizersApp/Preview Content\"";
				DEVELOPMENT_TEAM = 9LCC49V7VY;
				ENABLE_PREVIEWS = YES;
				GENERATE_INFOPLIST_FILE = YES;
				INFOPLIST_KEY_UIApplicationSceneManifest_Generation = YES;
				INFOPLIST_KEY_UIApplicationSupportsIndirectInputEvents = YES;
				INFOPLIST_KEY_UILaunchScreen_Generation = YES;
				INFOPLIST_KEY_UISupportedInterfaceOrientations_iPad = "UIInterfaceOrientationPortrait UIInterfaceOrientationPortraitUpsideDown UIInterfaceOrientationLandscapeLeft UIInterfaceOrientationLandscapeRight";
				INFOPLIST_KEY_UISupportedInterfaceOrientations_iPhone = "UIInterfaceOrientationPortrait UIInterfaceOrientationLandscapeLeft UIInterfaceOrientationLandscapeRight";
				LD_RUNPATH_SEARCH_PATHS = (
					"$(inherited)",
					"@executable_path/Frameworks",
				);
				MARKETING_VERSION = 1.0;
				PRODUCT_BUNDLE_IDENTIFIER = co.amanG.AppetizersApp;
				PRODUCT_NAME = "$(TARGET_NAME)";
				SWIFT_EMIT_LOC_STRINGS = YES;
				SWIFT_VERSION = 5.0;
				TARGETED_DEVICE_FAMILY = "1,2";
			};
			name = Release;
		};
		6764795A2B46E7E4009EE483 /* Debug */ = {
			isa = XCBuildConfiguration;
			buildSettings = {
				ALWAYS_EMBED_SWIFT_STANDARD_LIBRARIES = YES;
				BUNDLE_LOADER = "$(TEST_HOST)";
				CODE_SIGN_STYLE = Automatic;
				CURRENT_PROJECT_VERSION = 1;
				DEVELOPMENT_TEAM = 9LCC49V7VY;
				GENERATE_INFOPLIST_FILE = YES;
				IPHONEOS_DEPLOYMENT_TARGET = 17.2;
				MARKETING_VERSION = 1.0;
				PRODUCT_BUNDLE_IDENTIFIER = co.amanG.AppetizersAppTests;
				PRODUCT_NAME = "$(TARGET_NAME)";
				SWIFT_EMIT_LOC_STRINGS = NO;
				SWIFT_VERSION = 5.0;
				TARGETED_DEVICE_FAMILY = "1,2";
				TEST_HOST = "$(BUILT_PRODUCTS_DIR)/AppetizersApp.app/$(BUNDLE_EXECUTABLE_FOLDER_PATH)/AppetizersApp";
			};
			name = Debug;
		};
		6764795B2B46E7E4009EE483 /* Release */ = {
			isa = XCBuildConfiguration;
			buildSettings = {
				ALWAYS_EMBED_SWIFT_STANDARD_LIBRARIES = YES;
				BUNDLE_LOADER = "$(TEST_HOST)";
				CODE_SIGN_STYLE = Automatic;
				CURRENT_PROJECT_VERSION = 1;
				DEVELOPMENT_TEAM = 9LCC49V7VY;
				GENERATE_INFOPLIST_FILE = YES;
				IPHONEOS_DEPLOYMENT_TARGET = 17.2;
				MARKETING_VERSION = 1.0;
				PRODUCT_BUNDLE_IDENTIFIER = co.amanG.AppetizersAppTests;
				PRODUCT_NAME = "$(TARGET_NAME)";
				SWIFT_EMIT_LOC_STRINGS = NO;
				SWIFT_VERSION = 5.0;
				TARGETED_DEVICE_FAMILY = "1,2";
				TEST_HOST = "$(BUILT_PRODUCTS_DIR)/AppetizersApp.app/$(BUNDLE_EXECUTABLE_FOLDER_PATH)/AppetizersApp";
			};
			name = Release;
		};
		6764795D2B46E7E4009EE483 /* Debug */ = {
			isa = XCBuildConfiguration;
			buildSettings = {
				ALWAYS_EMBED_SWIFT_STANDARD_LIBRARIES = YES;
				CODE_SIGN_STYLE = Automatic;
				CURRENT_PROJECT_VERSION = 1;
				DEVELOPMENT_TEAM = 9LCC49V7VY;
				GENERATE_INFOPLIST_FILE = YES;
				MARKETING_VERSION = 1.0;
				PRODUCT_BUNDLE_IDENTIFIER = co.amanG.AppetizersAppUITests;
				PRODUCT_NAME = "$(TARGET_NAME)";
				SWIFT_EMIT_LOC_STRINGS = NO;
				SWIFT_VERSION = 5.0;
				TARGETED_DEVICE_FAMILY = "1,2";
				TEST_TARGET_NAME = AppetizersApp;
			};
			name = Debug;
		};
		6764795E2B46E7E4009EE483 /* Release */ = {
			isa = XCBuildConfiguration;
			buildSettings = {
				ALWAYS_EMBED_SWIFT_STANDARD_LIBRARIES = YES;
				CODE_SIGN_STYLE = Automatic;
				CURRENT_PROJECT_VERSION = 1;
				DEVELOPMENT_TEAM = 9LCC49V7VY;
				GENERATE_INFOPLIST_FILE = YES;
				MARKETING_VERSION = 1.0;
				PRODUCT_BUNDLE_IDENTIFIER = co.amanG.AppetizersAppUITests;
				PRODUCT_NAME = "$(TARGET_NAME)";
				SWIFT_EMIT_LOC_STRINGS = NO;
				SWIFT_VERSION = 5.0;
				TARGETED_DEVICE_FAMILY = "1,2";
				TEST_TARGET_NAME = AppetizersApp;
			};
			name = Release;
		};
/* End XCBuildConfiguration section */

/* Begin XCConfigurationList section */
		6764792D2B46E7E2009EE483 /* Build configuration list for PBXProject "AppetizersApp" */ = {
			isa = XCConfigurationList;
			buildConfigurations = (
				676479542B46E7E4009EE483 /* Debug */,
				676479552B46E7E4009EE483 /* Release */,
			);
			defaultConfigurationIsVisible = 0;
			defaultConfigurationName = Release;
		};
		676479562B46E7E4009EE483 /* Build configuration list for PBXNativeTarget "AppetizersApp" */ = {
			isa = XCConfigurationList;
			buildConfigurations = (
				676479572B46E7E4009EE483 /* Debug */,
				676479582B46E7E4009EE483 /* Release */,
			);
			defaultConfigurationIsVisible = 0;
			defaultConfigurationName = Release;
		};
		676479592B46E7E4009EE483 /* Build configuration list for PBXNativeTarget "AppetizersAppTests" */ = {
			isa = XCConfigurationList;
			buildConfigurations = (
				6764795A2B46E7E4009EE483 /* Debug */,
				6764795B2B46E7E4009EE483 /* Release */,
			);
			defaultConfigurationIsVisible = 0;
			defaultConfigurationName = Release;
		};
		6764795C2B46E7E4009EE483 /* Build configuration list for PBXNativeTarget "AppetizersAppUITests" */ = {
			isa = XCConfigurationList;
			buildConfigurations = (
				6764795D2B46E7E4009EE483 /* Debug */,
				6764795E2B46E7E4009EE483 /* Release */,
			);
			defaultConfigurationIsVisible = 0;
			defaultConfigurationName = Release;
		};
/* End XCConfigurationList section */
	};
	rootObject = 6764792A2B46E7E2009EE483 /* Project object */;
}
